
Microsoft Visual Studio Solution File, Format Version 12.00
# Visual Studio 15
Project("{FAE04EC0-301F-11D3-BF4B-00C04F79EFBC}") = "Assembly-CSharp", "Assembly-CSharp.csproj", "{C60E59E7-3D98-5AB8-9207-1464FCF04318}"
EndProject
Project("{FAE04EC0-301F-11D3-BF4B-00C04F79EFBC}") = "Assembly-CSharp-Editor", "Assembly-CSharp-Editor.csproj", "{D64104A0-9DBF-09D3-6C96-7489A6C164BA}"
EndProject
Global
	GlobalSection(SolutionConfigurationPlatforms) = preSolution
		Debug|Any CPU = Debug|Any CPU
		Release|Any CPU = Release|Any CPU
	EndGlobalSection
	GlobalSection(ProjectConfigurationPlatforms) = postSolution
		{C60E59E7-3D98-5AB8-9207-1464FCF04318}.Debug|Any CPU.ActiveCfg = Debug|Any CPU
		{C60E59E7-3D98-5AB8-9207-1464FCF04318}.Debug|Any CPU.Build.0 = Debug|Any CPU
		{C60E59E7-3D98-5AB8-9207-1464FCF04318}.Release|Any CPU.ActiveCfg = Release|Any CPU
		{C60E59E7-3D98-5AB8-9207-1464FCF04318}.Release|Any CPU.Build.0 = Release|Any CPU
		{D64104A0-9DBF-09D3-6C96-7489A6C164BA}.Debug|Any CPU.ActiveCfg = Debug|Any CPU
		{D64104A0-9DBF-09D3-6C96-7489A6C164BA}.Debug|Any CPU.Build.0 = Debug|Any CPU
		{D64104A0-9DBF-09D3-6C96-7489A6C164BA}.Release|Any CPU.ActiveCfg = Release|Any CPU
		{D64104A0-9DBF-09D3-6C96-7489A6C164BA}.Release|Any CPU.Build.0 = Release|Any CPU
	EndGlobalSection
	GlobalSection(SolutionProperties) = preSolution
		HideSolutionNode = FALSE
	EndGlobalSection
EndGlobal
